{
  "requires": true,
  "lockfileVersion": 1,
  "dependencies": {
    "folder-package": {
      "version": "file:folder-package"
    },
    "tar-package": {
      "version": "file:tar-package/tar.tgz",
      "integrity": "sha512-fpXCpXTznYbgJXuxG6XTXO9ONOGAU+EIAu2pFiAmNcPjPi2cmgo+CMIAzkNlbZ21BHPDMl6t3ybhmRO20uKaGA=="
    },
    "thecraftkid-npm-hello-world": {
      "version": "git+https://github.com/TheCraftKid/npm-hello-world.git#75d76e6c1125e0e1425e2563714f31170a7b2b75",
      "from": "git+https://github.com/TheCraftKid/npm-hello-world.git",
      "dev": true
    }
  }
}
